
Microsoft Visual Studio Solution File, Format Version 12.00
# Visual Studio Version 16
VisualStudioVersion = 16.0.31624.102
MinimumVisualStudioVersion = 10.0.40219.1
Project("{FAE04EC0-301F-11D3-BF4B-00C04F79EFBC}") = "Identity.Api", "Src\Identity.Api\Identity.Api.csproj", "{003DDA3F-44FE-4C4F-9D61-5DFC2780F5EE}"
EndProject
Global
	GlobalSection(SolutionConfigurationPlatforms) = preSolution
		Debug|Any CPU = Debug|Any CPU
		Release|Any CPU = Release|Any CPU
	EndGlobalSection
	GlobalSection(ProjectConfigurationPlatforms) = postSolution
		{003DDA3F-44FE-4C4F-9D61-5DFC2780F5EE}.Debug|Any CPU.ActiveCfg = Debug|Any CPU
		{003DDA3F-44FE-4C4F-9D61-5DFC2780F5EE}.Debug|Any CPU.Build.0 = Debug|Any CPU
		{003DDA3F-44FE-4C4F-9D61-5DFC2780F5EE}.Release|Any CPU.ActiveCfg = Release|Any CPU
		{003DDA3F-44FE-4C4F-9D61-5DFC2780F5EE}.Release|Any CPU.Build.0 = Release|Any CPU
	EndGlobalSection
	GlobalSection(SolutionProperties) = preSolution
		HideSolutionNode = FALSE
	EndGlobalSection
	GlobalSection(ExtensibilityGlobals) = postSolution
		SolutionGuid = {18BD16A6-5588-474A-99B6-6F3CF1D3CF61}
	EndGlobalSection
EndGlobal
