
Microsoft Visual Studio Solution File, Format Version 12.00
# Visual Studio Version 16
VisualStudioVersion = 16.0.31624.102
MinimumVisualStudioVersion = 10.0.40219.1
Project("{FAE04EC0-301F-11D3-BF4B-00C04F79EFBC}") = "Identity.Api", "Src\Identity.Api\Identity.Api.csproj", "{7EB9F2E7-02F2-4581-83D4-FAD1000F0FB6}"
EndProject
Project("{FAE04EC0-301F-11D3-BF4B-00C04F79EFBC}") = "Identity.Server", "Src\Identity.Server\Identity.Server.csproj", "{071D5A23-E5C8-44C7-9AFD-B3FA3A8317C0}"
EndProject
Project("{FAE04EC0-301F-11D3-BF4B-00C04F79EFBC}") = "Identity.Client", "Src\Identity.Client\Identity.Client.csproj", "{D7C3B1BE-D68E-40D3-A710-3F888F49544D}"
EndProject
Global
	GlobalSection(SolutionConfigurationPlatforms) = preSolution
		Debug|Any CPU = Debug|Any CPU
		Release|Any CPU = Release|Any CPU
	EndGlobalSection
	GlobalSection(ProjectConfigurationPlatforms) = postSolution
		{7EB9F2E7-02F2-4581-83D4-FAD1000F0FB6}.Debug|Any CPU.ActiveCfg = Debug|Any CPU
		{7EB9F2E7-02F2-4581-83D4-FAD1000F0FB6}.Debug|Any CPU.Build.0 = Debug|Any CPU
		{7EB9F2E7-02F2-4581-83D4-FAD1000F0FB6}.Release|Any CPU.ActiveCfg = Release|Any CPU
		{7EB9F2E7-02F2-4581-83D4-FAD1000F0FB6}.Release|Any CPU.Build.0 = Release|Any CPU
		{071D5A23-E5C8-44C7-9AFD-B3FA3A8317C0}.Debug|Any CPU.ActiveCfg = Debug|Any CPU
		{071D5A23-E5C8-44C7-9AFD-B3FA3A8317C0}.Debug|Any CPU.Build.0 = Debug|Any CPU
		{071D5A23-E5C8-44C7-9AFD-B3FA3A8317C0}.Release|Any CPU.ActiveCfg = Release|Any CPU
		{071D5A23-E5C8-44C7-9AFD-B3FA3A8317C0}.Release|Any CPU.Build.0 = Release|Any CPU
		{D7C3B1BE-D68E-40D3-A710-3F888F49544D}.Debug|Any CPU.ActiveCfg = Debug|Any CPU
		{D7C3B1BE-D68E-40D3-A710-3F888F49544D}.Debug|Any CPU.Build.0 = Debug|Any CPU
		{D7C3B1BE-D68E-40D3-A710-3F888F49544D}.Release|Any CPU.ActiveCfg = Release|Any CPU
		{D7C3B1BE-D68E-40D3-A710-3F888F49544D}.Release|Any CPU.Build.0 = Release|Any CPU
	EndGlobalSection
	GlobalSection(SolutionProperties) = preSolution
		HideSolutionNode = FALSE
	EndGlobalSection
	GlobalSection(ExtensibilityGlobals) = postSolution
		SolutionGuid = {18BD16A6-5588-474A-99B6-6F3CF1D3CF61}
	EndGlobalSection
EndGlobal
